
Microsoft Visual Studio Solution File, Format Version 12.00
# Visual Studio Version 16
VisualStudioVersion = 16.0.30907.101
MinimumVisualStudioVersion = 10.0.40219.1
Project("{FAE04EC0-301F-11D3-BF4B-00C04F79EFBC}") = "MonitorFile", "MonitorFile\MonitorFile.csproj", "{7947BEA2-7278-4166-8C0A-399A1B29015B}"
EndProject
Global
	GlobalSection(SolutionConfigurationPlatforms) = preSolution
		Debug|Any CPU = Debug|Any CPU
		Release|Any CPU = Release|Any CPU
	EndGlobalSection
	GlobalSection(ProjectConfigurationPlatforms) = postSolution
		{7947BEA2-7278-4166-8C0A-399A1B29015B}.Debug|Any CPU.ActiveCfg = Debug|Any CPU
		{7947BEA2-7278-4166-8C0A-399A1B29015B}.Debug|Any CPU.Build.0 = Debug|Any CPU
		{7947BEA2-7278-4166-8C0A-399A1B29015B}.Release|Any CPU.ActiveCfg = Release|Any CPU
		{7947BEA2-7278-4166-8C0A-399A1B29015B}.Release|Any CPU.Build.0 = Release|Any CPU
	EndGlobalSection
	GlobalSection(SolutionProperties) = preSolution
		HideSolutionNode = FALSE
	EndGlobalSection
	GlobalSection(ExtensibilityGlobals) = postSolution
		SolutionGuid = {394C3FDC-0669-4B5B-B60F-1D8463AD84DC}
	EndGlobalSection
EndGlobal
